github.com/coreos/go-systemd v0.0.0-20190321100706-95778dfbb74e h1:Wf6HqHfScWJN9/ZjdUKyjop4mf3Qdd+1TvvltAvM3m8=
github.com/coreos/go-systemd v0.0.0-20190321100706-95778dfbb74e/go.mod h1:F5haX7vjVVG0kc13fIWeqUViNPyEJxv/OmvnBo0Yme4=
github.com/coreos/pkg v0.0.0-20180928190104-399ea9e2e55f h1:lBNOc5arjvs8E5mO2tbpBpLoyyu8B6e44T7hJy6potg=
github.com/coreos/pkg v0.0.0-20180928190104-399ea9e2e55f/go.mod h1:E3G3o1h8I7cfcXa63jLwjI0eiQQMgzzUDFVpN/nH/eA=
github.com/davecgh/go-spew v1.1.1/go.mod h1:J7Y8YcW2NihsgmVo/mv3lAwl/skON4iLHjSsI+c5H38=
github.com/docker/distribution v2.7.1+incompatible h1:a5mlkVzth6W5A4fOsS3D2EO5BUmsJpcB+cRlLU7cSug=
github.com/docker/distribution v2.7.1+incompatible/go.mod h1:J2gT2udsDAN96Uj4KfcMRqY0/ypR+oyYUYmja8H+y+w=
github.com/frankban/quicktest v1.0.0/go.mod h1:R98jIehRai+d1/3Hv2//jOVCTJhW1VBavT6B6CuGq2k=
github.com/frankban/quicktest v1.1.0/go.mod h1:R98jIehRai+d1/3Hv2//jOVCTJhW1VBavT6B6CuGq2k=
github.com/frankban/quicktest v1.2.2/go.mod h1:Qh/WofXFeiAFII1aEBu529AtJo6Zg2VHscnEsbBnJ20=
github.com/gabriel-samfira/sys v0.0.0-20150608132119-9ddc60d56b51/go.mod h1:j3qx7fgMceeChTk5ItmRVrWR2ZOTHI9ymSVsxolzC/g=
github.com/gobwas/glob v0.2.3 h1:A4xDbljILXROh+kObIiy5kIaPYD8e96x1tgBhUI5J+Y=
github.com/gobwas/glob v0.2.3/go.mod h1:d3Ez4x06l9bZtSvzIay5+Yzi0fmZzPgnTbPcKjJAkT8=
github.com/godbus/dbus v4.1.0+incompatible h1:WqqLRTsQic3apZUK9qC5sGNfXthmPXzUZ7nQPrNITa4=
github.com/godbus/dbus v4.1.0+incompatible/go.mod h1:/YcGZj5zSblfDWMMoOzV4fas9FZnQYTkDnsGvmh2Grw=
github.com/golang/protobuf v1.3.1 h1:YF8+flBXS5eO826T4nzqPrxfhQThhXl0YzfuUPu4SBg=
github.com/golang/protobuf v1.3.1/go.mod h1:6lQm79b+lXiMfvg/cZm0SGofjICqVBUtrP5yJMmIC1U=
github.com/google/go-cmp v0.2.0/go.mod h1:oXzfMopK8JAjlY9xF4vHSVASa0yLyX7SntLO5aqRK0M=
github.com/google/go-cmp v0.2.1-0.20190312032427-6f77996f0c42/go.mod h1:8QqcDgzrUqlUb/G2PQTWiueGozuR1884gddMywk6iLU=
github.com/gorilla/websocket v1.4.0 h1:WDFjx/TMzVgy9VdMMQi2K2Emtwi2QcUQsztZ/zLaH/Q=
github.com/gorilla/websocket v1.4.0/go.mod h1:E7qHFY5m1UJ88s3WnNqhKjPHQ0heANvMoAMk2YaljkQ=
github.com/juju/ansiterm v0.0.0-20180109212912-720a0952cc2a h1:FaWFmfWdAUKbSCtOU2QjDaorUexogfaMgbipgYATUMU=
github.com/juju/ansiterm v0.0.0-20180109212912-720a0952cc2a/go.mod h1:UJSiEoRfvx3hP73CvoARgeLjaIOjybY9vj8PUPPFGeU=
github.com/juju/clock v0.0.0-20190205081909-9c5c9712527c h1:3UvYABOQRhJAApj9MdCN+Ydv841ETSoy6xLzdmmr/9A=
github.com/juju/clock v0.0.0-20190205081909-9c5c9712527c/go.mod h1:nD0vlnrUjcjJhqN5WuCWZyzfd5AHZAC9/ajvbSx69xA=
github.com/juju/cmd v0.0.0-20190314120307-8986a3b2118d h1:CJ2pFYJ0DNvMwLGCQPnY95huCayM44iSYcBR0CUgR0E=
github.com/juju/cmd v0.0.0-20190314120307-8986a3b2118d/go.mod h1:yWJQHl73rdSX4DHVKGqkAip+huBslxRwS8m9CrOLq18=
github.com/juju/collections v0.0.0-20180516022642-90152009b5f3/go.mod h1:Ep+c0vnxsgmmTtsMibPgEEleZyi0b4uVvyzJ+8ka9EI=
github.com/juju/collections v0.0.0-20180717171555-9be91dc79b7c h1:m/Uo8B7nrH3K6nvk66Y67T7cbHcyY101rW24vGuMON8=
github.com/juju/collections v0.0.0-20180717171555-9be91dc79b7c/go.mod h1:Ep+c0vnxsgmmTtsMibPgEEleZyi0b4uVvyzJ+8ka9EI=
github.com/juju/errors v0.0.0-20150916125642-1b5e39b83d18/go.mod h1:W54LbzXuIE0boCoNJfwqpmkKJ1O4TCTZMetAt6jGk7Q=
github.com/juju/errors v0.0.0-20190207033735-e65537c515d7 h1:dMIPRDg6gi7CUp0Kj2+HxqJ5kTr1iAdzsXYIrLCNSmU=
github.com/juju/errors v0.0.0-20190207033735-e65537c515d7/go.mod h1:W54LbzXuIE0boCoNJfwqpmkKJ1O4TCTZMetAt6jGk7Q=
github.com/juju/gnuflag v0.0.0-20171113085948-2ce1bb71843d h1:c93kUJDtVAXFEhsCh5jSxyOJmFHuzcihnslQiX8Urwo=
github.com/juju/gnuflag v0.0.0-20171113085948-2ce1bb71843d/go.mod h1:2PavIy+JPciBPrBUjwbNvtwB6RQlve+hkpll6QSNmOE=
github.com/juju/gojsonpointer v0.0.0-20150204194629-afe8b77aa08f h1:QzpKmMsaP06HVZnYNlcy1CLIXPytsj2NuzfCHitxuus=
github.com/juju/gojsonpointer v0.0.0-20150204194629-afe8b77aa08f/go.mod h1:IsZAJBSicjtWD22i4pWwfl0xgijIeBEOIJYwgM9bpqw=
github.com/juju/gojsonreference v0.0.0-20150204194633-f0d24ac5ee33 h1:huRsqE0iXmVPTML75YvFBOiaNj4ZiCZgKVnkRQ06d3w=
github.com/juju/gojsonreference v0.0.0-20150204194633-f0d24ac5ee33/go.mod h1:UxUZdlQkjnbl3YoCZT1y5uxmvG2KMwqgffBFccD7qHI=
github.com/juju/gojsonschema v0.0.0-20150312170016-e1ad140384f2 h1:VqIDC6dRE0C7wEtTdT6zx2zP5omaoJiZXp2g/dBHRcE=
github.com/juju/gojsonschema v0.0.0-20150312170016-e1ad140384f2/go.mod h1:w3BDUH3gGgrcrAyvEbBy3lNb1vmdqG31UMn3njL8oGc=
github.com/juju/httpprof v0.0.0-20141217160036-14bf14c30767 h1:COsaGcfAONDdIDnGS8yFdxOyReP7zKQEr7jFzCHKDkM=
github.com/juju/httpprof v0.0.0-20141217160036-14bf14c30767/go.mod h1:+MaLYz4PumRkkyHYeXJ2G5g5cIW0sli2bOfpmbaMV/g=
github.com/juju/httprequest v2.0.0+incompatible h1:+WtiSbRkEwdqKRBi+4JH8PTdNxBa/h8U8RIzdYaMENI=
github.com/juju/httprequest v2.0.0+incompatible/go.mod h1:ogcnuLPnijli/VAQT3/CU+2EdSTVsGRfpWTV/VY457I=
github.com/juju/juju v0.0.0-20190514172915-4eaafff03c8c h1:CwChKAmomyPJRCaID6KGw/iF9AIhFb2arKOlBwI8/iw=
github.com/juju/juju v0.0.0-20190514172915-4eaafff03c8c/go.mod h1:NEUvYUxOAm46eq0lY9f2nkGaLHgnw99lHIsTthsiOgo=
github.com/juju/juju v0.0.0-20190527131538-d487b7a2a828 h1:ytCcL5YqgIJzRNjGnvLDoJWMQC5ht5kTYmeqAnqqd+M=
github.com/juju/juju v0.0.0-20190527131538-d487b7a2a828/go.mod h1:NEUvYUxOAm46eq0lY9f2nkGaLHgnw99lHIsTthsiOgo=
github.com/juju/loggo v0.0.0-20150527035839-8477fc936adf/go.mod h1:vgyd7OREkbtVEN/8IXZe5Ooef3LQePvuBm9UWj6ZL8U=
github.com/juju/loggo v0.0.0-20190526231331-6e530bcce5d8 h1:UUHMLvzt/31azWTN/ifGWef4WUqvXk0iRqdhdy/2uzI=
github.com/juju/loggo v0.0.0-20190526231331-6e530bcce5d8/go.mod h1:vgyd7OREkbtVEN/8IXZe5Ooef3LQePvuBm9UWj6ZL8U=
github.com/juju/mutex v0.0.0-20180619145857-d21b13acf4bf h1:2d3cilQly1OpAfZcn4QRuwDOdVoHsM4cDTkcKbmO760=
github.com/juju/mutex v0.0.0-20180619145857-d21b13acf4bf/go.mod h1:Y3oOzHH8CQ0Ppt0oCKJ2JFO81/EsWenH5AEqigLH+yY=
github.com/juju/os v0.0.0-20190521151458-b4dc09ce9ed2 h1:lA+rf2uZoSgrs5I02rF53MaS3aL3Ry5yFLM1JO7O50Q=
github.com/juju/os v0.0.0-20190521151458-b4dc09ce9ed2/go.mod h1:buR1fIbfLx3neIA/TKE8ZlS/nRR3keo+hjVqV+VR4ns=
github.com/juju/packaging v0.0.0-20180516203043-ba21344fff20 h1:HWdCmnJs1avYfCwvi17CUVEHlQxL9GQmXTdpro7Pp8I=
github.com/juju/packaging v0.0.0-20180516203043-ba21344fff20/go.mod h1:Brg98KsCnaxL6UxQ4pbVFlT4MoQO7x0kSzwnuvRbUy8=
github.com/juju/proxy v0.0.0-20180523025733-5f8741c297b4 h1:y2eoq0Uof/dWLAXRyKKGOJuF0TEkauPscQI7Q1XQqvM=
github.com/juju/proxy v0.0.0-20180523025733-5f8741c297b4/go.mod h1:8eZt3fxDIlRXkEkf4N4PCNSZzryF6NxULBg07OjDofA=
github.com/juju/qthttptest v0.0.1/go.mod h1://LCf/Ls22/rPw2u1yWukUJvYtfPY4nYpWUl2uZhryo=
github.com/juju/replicaset v0.0.0-20190321104350-501ab59799b1 h1:JnS62byrQ85Opr5ClfJGO87rbbCLyOahLNlr8q+DUYw=
github.com/juju/replicaset v0.0.0-20190321104350-501ab59799b1/go.mod h1:Y7RITufWVtIsb4ZPBbJ8zmgLlxbiNwYdEVLL2o1ekDE=
github.com/juju/rfc v0.0.0-20180510112117-b058ad085c94 h1:3TD+QnJbbInyv607GXgWuWqziWHRBnXiwA77uFiyOZU=
github.com/juju/rfc v0.0.0-20180510112117-b058ad085c94/go.mod h1:HnPtAU9HZgqsxiVe3ZqD8WLhdumrUtuY724rynh0gZE=
github.com/juju/romulus v0.0.0-20180724155144-958d8b71e5ff h1:0+pZQeIWBN+TLyqB8tlfLy+m1FrvGYclK6Sq98H8+Lo=
github.com/juju/romulus v0.0.0-20180724155144-958d8b71e5ff/go.mod h1:Q1rdI2aevIfbcFmze1JKWliZkrDTa/qLjPcj116POIw=
github.com/juju/schema v0.0.0-20160301111646-1e25943f8c6f/go.mod h1:7dL+43wADDfx5rD9ibr5H9Dgr4iOM3uHOa1i4IVLak8=
github.com/juju/schema v1.0.0 h1:sZvJ7iQXHhMw/lJ4YfUmq+fe7R2ZSUzZzd/eSokaB3M=
github.com/juju/schema v1.0.0/go.mod h1:Y+ThzXpUJ0E7NYYocAbuvJ7vTivXfrof/IfRPq/0abI=
github.com/juju/testing v0.0.0-20160404094317-162fafccebf2/go.mod h1:63prj8cnj0tU0S9OHjGJn+b1h0ZghCndfnbQolrYTwA=
github.com/juju/utils v0.0.0-20160526025251-ffea6ead0c37/go.mod h1:6/KLg8Wz/y2KVGWEpkK9vMNGkOnu4k/cqs8Z1fKjTOk=
github.com/juju/utils v0.0.0-20180820210520-bf9cc5bdd62d h1:irPlN9z5VCe6BTsqVsxheCZH99OFSmqSVyTigW4mEoY=
github.com/juju/utils v0.0.0-20180820210520-bf9cc5bdd62d/go.mod h1:6/KLg8Wz/y2KVGWEpkK9vMNGkOnu4k/cqs8Z1fKjTOk=
github.com/juju/version v0.0.0-20151127203400-ef897ad7f130/go.mod h1:kE8gK5X0CImdr7qpSKl3xB2PmpySSmfj7zVbkZFs81U=
github.com/juju/version v0.0.0-20180108022336-b64dbd566305 h1:lQxPJ1URr2fjsKnJRt/BxiIxjLt9IKGvS+0injMHbag=
github.com/juju/version v0.0.0-20180108022336-b64dbd566305/go.mod h1:kE8gK5X0CImdr7qpSKl3xB2PmpySSmfj7zVbkZFs81U=
github.com/juju/webbrowser v0.0.0-20180907093207-efb9432b2bcb h1:iffwDjS1xyg1Owlh8OZV4kd4P6pVHNZOxIja+ia2nKE=
github.com/juju/webbrowser v0.0.0-20180907093207-efb9432b2bcb/go.mod h1:G6PCelgkM6cuvyD10iYJsjLBsSadVXtJ+nBxFAxE2BU=
github.com/julienschmidt/httprouter v1.2.0 h1:TDTW5Yz1mjftljbcKqRcrYhd4XeOoI98t+9HbQbYf7g=
github.com/julienschmidt/httprouter v1.2.0/go.mod h1:SYymIcj16QtmaHHD7aYtjjsJG7VTCxuUUipMqKk8s4w=
github.com/kr/pretty v0.1.0/go.mod h1:dAy3ld7l9f0ibDNOQOHHMYYIIbhfbHSm3C4ZsoJORNo=
github.com/kr/pty v1.1.1/go.mod h1:pFQYn66WHrOpPYNljwOMqo10TkYh1fy3cYio2l3bCsQ=
github.com/kr/text v0.1.0/go.mod h1:4Jbv+DJW3UT/LiOwJeYQe1efqtUx/iVham/4vfdArNI=
github.com/lunixbochs/vtclean v1.0.0 h1:xu2sLAri4lGiovBDQKxl5mrXyESr3gUr5m5SM5+LVb8=
github.com/lunixbochs/vtclean v1.0.0/go.mod h1:pHhQNgMf3btfWnGBVipUOjRYhoOsdGqdm/+2c2E2WMI=
github.com/mattn/go-colorable v0.1.2 h1:/bC9yWikZXAL9uJdulbSfyVNIR3n3trXl+v8+1sx8mU=
github.com/mattn/go-colorable v0.1.2/go.mod h1:U0ppj6V5qS13XJ6of8GYAs25YV2eR4EVcfRqFIhoBtE=
github.com/mattn/go-isatty v0.0.8 h1:HLtExJ+uU2HOZ+wI0Tt5DtUDrx8yhUqDcp7fYERX4CE=
github.com/mattn/go-isatty v0.0.8/go.mod h1:Iq45c/XA43vh69/j3iqttzPXn0bhXyGjM0Hdxcsrc5s=
github.com/opencontainers/go-digest v1.0.0-rc1 h1:WzifXhOVOEOuFYOJAW6aQqW0TooG2iki3E3Ii+WN7gQ=
github.com/opencontainers/go-digest v1.0.0-rc1/go.mod h1:cMLVZDEM3+U2I4VmLI6N8jQYUd2OVphdqWwCJHrFt2s=
github.com/pkg/errors v0.8.1 h1:iURUrRGxPUNPdy5/HRSm+Yj6okJ6UtLINN0Q9M4+h3I=
github.com/pkg/errors v0.8.1/go.mod h1:bwawxfHBFNV+L2hUp1rHADufV3IMtnDRdf1r5NINEl0=
github.com/pmezard/go-difflib v1.0.0/go.mod h1:iKH77koFhYxTK1pcRnkKkqfTogsbg7gZNVY4sRDYZ/4=
github.com/rogpeppe/clock v0.0.0-20190514195947-2896927a307a/go.mod h1:4r5QyqhjIWCcK8DO4KMclc5Iknq5qVBAlbYYzAbUScQ=
github.com/rogpeppe/fastuuid v1.1.0 h1:INyGLmTCMGFr6OVIb977ghJvABML2CMVjPoRfNDdYDo=
github.com/rogpeppe/fastuuid v1.1.0/go.mod h1:jVj6XXZzXRy/MSR5jhDC/2q6DgLz+nrA6LYCDYWNEvQ=
github.com/stretchr/testify v1.2.2/go.mod h1:a8OnRcib4nhh0OaRAV+Yts87kKdq0PP7pXfy6kDkUVs=
golang.org/x/crypto v0.0.0-20150830180642-aedad9a179ec/go.mod h1:6SG95UA2DQfeDnfUPMdvaQW0Q7yPrPDi9nlGo2tz2b4=
golang.org/x/crypto v0.0.0-20180723164146-c126467f60eb/go.mod h1:6SG95UA2DQfeDnfUPMdvaQW0Q7yPrPDi9nlGo2tz2b4=
golang.org/x/crypto v0.0.0-20190308221718-c2843e01d9a2/go.mod h1:djNgcEr1/C05ACkg1iLfiJU5Ep61QUkGW8qpdssI0+w=
golang.org/x/crypto v0.0.0-20190404164418-38d8ce5564a5/go.mod h1:WFFai1msRO1wXaEeE5yQxYXgSfI8pQAWXbQop6sCtWE=
golang.org/x/crypto v0.0.0-20190513172903-22d7a77e9e5f h1:R423Cnkcp5JABoeemiGEPlt9tHXFfw5kvc0yqlxRPWo=
golang.org/x/crypto v0.0.0-20190513172903-22d7a77e9e5f/go.mod h1:yigFU9vqHzYiE8UmvKecakEJjdnWj3jj499lnFckfCI=
golang.org/x/net v0.0.0-20150829230318-ea47fc708ee3/go.mod h1:mL1N/T3taQHkDXs73rZJwtUhF3w3ftmwwsq0BUmARs4=
golang.org/x/net v0.0.0-20190404232315-eb5bcb51f2a3 h1:0GoQqolDA55aaLxZyTzK/Y2ePZzZTUrRacwib7cNsYQ=
golang.org/x/net v0.0.0-20190404232315-eb5bcb51f2a3/go.mod h1:t9HGtf8HONx5eT2rtn7q6eTqICYqUVnKs3thJo3Qplg=
golang.org/x/net v0.0.0-20190522155817-f3200d17e092 h1:4QSRKanuywn15aTZvI/mIDEgPQpswuFndXpOj3rKEco=
golang.org/x/net v0.0.0-20190522155817-f3200d17e092/go.mod h1:HSz+uSET+XFnRR8LxR5pz3Of3rY3CfYBVs4xY44aLks=
golang.org/x/sys v0.0.0-20190215142949-d0b11bdaac8a/go.mod h1:STP8DvDyc/dI5b8T5hshtkjS+E42TnysNCUPdjciGhY=
golang.org/x/sys v0.0.0-20190222072716-a9d3bda3a223/go.mod h1:STP8DvDyc/dI5b8T5hshtkjS+E42TnysNCUPdjciGhY=
golang.org/x/sys v0.0.0-20190403152447-81d4e9dc473e/go.mod h1:h1NjWce9XRLGQEsW7wpKNCjG9DtNlClVuFLEZdDNbEs=
golang.org/x/sys v0.0.0-20190412213103-97732733099d h1:+R4KGOnez64A81RvjARKc4UT5/tI9ujCIVX+P5KiHuI=
golang.org/x/sys v0.0.0-20190412213103-97732733099d/go.mod h1:h1NjWce9XRLGQEsW7wpKNCjG9DtNlClVuFLEZdDNbEs=
golang.org/x/text v0.3.0 h1:g61tztE5qeGQ89tm6NTjjM9VPIm088od1l6aSorWRWg=
golang.org/x/text v0.3.0/go.mod h1:NqM8EUOU14njkJ3fqMW+pc6Ldnwhi/IjpwHt7yyuwOQ=
golang.org/x/text v0.3.2 h1:tW2bmiBqwgJj/UpqtC8EpXEZVYOwU0yG4iWbprSVAcs=
golang.org/x/text v0.3.2/go.mod h1:bEr9sfX3Q8Zfm5fL9x+3itogRgK3+ptLWKqgva+5dAk=
golang.org/x/tools v0.0.0-20180917221912-90fa682c2a6e/go.mod h1:n7NCudcB/nEzxVGmLbDWY5pfWTLqBcC2KZ6jyYvM4mQ=
golang.org/x/tools v0.0.0-20181008205924-a2b3f7f249e9/go.mod h1:n7NCudcB/nEzxVGmLbDWY5pfWTLqBcC2KZ6jyYvM4mQ=
gopkg.in/check.v1 v0.0.0-20161208181325-20d25e280405/go.mod h1:Co6ibVJAznAaIkqp8huTwlJQCZ016jof/cbN4VW5Yz0=
gopkg.in/check.v1 v1.0.0-20160105164936-4f90aeace3a2/go.mod h1:Co6ibVJAznAaIkqp8huTwlJQCZ016jof/cbN4VW5Yz0=
gopkg.in/check.v1 v1.0.0-20180628173108-788fd7840127/go.mod h1:Co6ibVJAznAaIkqp8huTwlJQCZ016jof/cbN4VW5Yz0=
gopkg.in/errgo.v1 v1.0.0 h1:n+7XfCyygBFb8sEjg6692xjC6Us50TFRO54+xYUEwjE=
gopkg.in/errgo.v1 v1.0.0/go.mod h1:CxwszS/Xz1C49Ucd2i6Zil5UToP1EmyrFhKaMVbg1mk=
gopkg.in/gobwas/glob.v0 v0.2.3 h1:uLMy+ys6BqRCutdUNyWLlmEnd7VULqh1nsxxV1kj0qQ=
gopkg.in/gobwas/glob.v0 v0.2.3/go.mod h1:JgYsZg6HmXzPbMVcSQwXigfIbVWt5ysj8n78j6LiwQY=
gopkg.in/httprequest.v1 v1.2.0 h1:YTGV1oXzaoKI6oPzQ0knoIPcrrVzeRG3amkoxoP7Xng=
gopkg.in/httprequest.v1 v1.2.0/go.mod h1:T61ZUaJLpMnzvoJDO03ZD8yRXD4nZzBeDoW5e9sffjg=
gopkg.in/juju/charm.v6 v6.0.0-20190516062913-2dd725e1ce88 h1:aYH4iqn3GNKbL4x+DUa8ENLB++pzdkYBnpTjCRio038=
gopkg.in/juju/charm.v6 v6.0.0-20190516062913-2dd725e1ce88/go.mod h1:hxrXMqwAUilkdI7CWGTvh/YAxEwOjJ6wKP8AFRfRFhU=
gopkg.in/juju/charmrepo.v3 v3.0.1 h1:mm7/CwCczsO7JYHlYkw4iCUYR7X8upEOaY5bYj7eUkw=
gopkg.in/juju/charmrepo.v3 v3.0.1/go.mod h1:668xH3HE/21XxiU1h4WIkc4tX2QjG5tmZeVmUMDYXYA=
gopkg.in/juju/environschema.v1 v1.0.0 h1:51vT1bzbP9fntQ0I9ECSlku2p19Szj/N2beZFeIH2kM=
gopkg.in/juju/environschema.v1 v1.0.0/go.mod h1:WTgU3KXKCVoO9bMmG/4KHzoaRvLeoxfjArpgd1MGWFA=
gopkg.in/juju/names.v2 v2.0.0-20160525230723-e38bc90539f2/go.mod h1:XXa/v5qG1IsStRg5KTE8JkDMndoDMOKH1YYw0jSUWaM=
gopkg.in/juju/names.v2 v2.0.0-20180621093930-fd59336b4621 h1:7IcAZvbCvk9R2jC+M0eA8RFKsYEYOvRejWLhUnKGWHU=
gopkg.in/juju/names.v2 v2.0.0-20180621093930-fd59336b4621/go.mod h1:XXa/v5qG1IsStRg5KTE8JkDMndoDMOKH1YYw0jSUWaM=
gopkg.in/juju/worker.v1 v1.0.0-20190527125722-5398f2291f2c h1:VBjmT6lCgxl0dB4ZZcQm9dgQJuIqQStq/DDjzUKYnQk=
gopkg.in/juju/worker.v1 v1.0.0-20190527125722-5398f2291f2c/go.mod h1:qrHtdkZtlLoAWF0wb7YwrREeiitm5EzizN0MmIbAFxA=
gopkg.in/macaroon-bakery.v2-unstable v2.0.0-20171026135619-38b77b89a624 h1:FIOL4YpoNbXH6K+LnOoAEMa/1ebliK7B9mj5NuJHmiA=
gopkg.in/macaroon-bakery.v2-unstable v2.0.0-20171026135619-38b77b89a624/go.mod h1:53bMIZyOgPepp72UGm3VktAilV+WdJdp6EdCx27mNy4=
gopkg.in/macaroon.v2 v2.1.0 h1:HZcsjBCzq9t0eBPMKqTN/uSN6JOm78ZJ2INbqcBQOUI=
gopkg.in/macaroon.v2 v2.1.0/go.mod h1:OUb+TQP/OP0WOerC2Jp/3CwhIKyIa9kQjuc7H24e6/o=
gopkg.in/macaroon.v2-unstable v2.0.0-20180319203259-5c9beabe0e9e h1:yPxshueS06kvTVlsymSbHvk6VQ1WhX1Ou3hCqqWBp/s=
gopkg.in/macaroon.v2-unstable v2.0.0-20180319203259-5c9beabe0e9e/go.mod h1:is/o1iMtbJ8TwBvtmV/w/HLJ8r8DcuBqlU2cdi+80OI=
gopkg.in/mgo.v2 v2.0.0-20151026163453-4d04138ffef2/go.mod h1:yeKp02qBN3iKW1OzL3MGk2IdtZzaj7SFntXj72NppTA=
gopkg.in/mgo.v2 v2.0.0-20180705113604-9856a29383ce h1:xcEWjVhvbDy+nHP67nPDDpbYrY+ILlfndk4bRioVHaU=
gopkg.in/mgo.v2 v2.0.0-20180705113604-9856a29383ce/go.mod h1:yeKp02qBN3iKW1OzL3MGk2IdtZzaj7SFntXj72NppTA=
gopkg.in/natefinch/lumberjack.v2 v2.0.0 h1:1Lc07Kr7qY4U2YPouBjpCLxpiyxIVoxqXgkXLknAOE8=
gopkg.in/natefinch/lumberjack.v2 v2.0.0/go.mod h1:l0ndWWf7gzL7RNwBG7wST/UCcT4T24xpD6X8LsfU/+k=
gopkg.in/retry.v1 v1.0.3 h1:a9CArYczAVv6Qs6VGoLMio99GEs7kY9UzSF9+LD+iGs=
gopkg.in/retry.v1 v1.0.3/go.mod h1:FJkXmWiMaAo7xB+xhvDF59zhfjDWyzmyAxiT4dB688g=
gopkg.in/tomb.v1 v1.0.0-20141024135613-dd632973f1e7 h1:uRGJdciOHaEIrze2W8Q3AKkepLTh2hOroT7a+7czfdQ=
gopkg.in/tomb.v1 v1.0.0-20141024135613-dd632973f1e7/go.mod h1:dt/ZhP58zS4L8KSrWDmTeBkI65Dw0HsyUHuEVlX15mw=
gopkg.in/tomb.v2 v2.0.0-20161208151619-d5d1b5820637 h1:yiW+nvdHb9LVqSHQBXfZCieqV4fzYhNBql77zY0ykqs=
gopkg.in/tomb.v2 v2.0.0-20161208151619-d5d1b5820637/go.mod h1:BHsqpu/nsuzkT5BpiH1EMZPLyqSMM8JbIavyFACoFNk=
gopkg.in/yaml.v2 v2.0.0-20160301204022-a83829b6f129/go.mod h1:JAlM8MvJe8wmxCU4Bli9HhUf9+ttbYbLASfIpnQbh74=
gopkg.in/yaml.v2 v2.2.1/go.mod h1:hI93XBmqTisBFMUTm0b8Fm+jr3Dg1NNxqwp+5A1VGuI=
gopkg.in/yaml.v2 v2.2.2 h1:ZCJp+EgiOT7lHqUV2J862kp8Qj64Jo6az82+3Td9dZw=
gopkg.in/yaml.v2 v2.2.2/go.mod h1:hI93XBmqTisBFMUTm0b8Fm+jr3Dg1NNxqwp+5A1VGuI=
launchpad.net/gocheck v0.0.0-20140225173054-000000000087/go.mod h1:hj7XX3B/0A+80Vse0e+BUHsHMTEhd0O4cpUHr/e/BUM=
